// !$*UTF8*$!
{
	archiveVersion = 1;
	classes = {
	};
	objectVersion = 46;
	objects = {

/* Begin PBXBuildFile section */
		37B2CFA71ACF1F0600214983 /* AppDelegate.swift in Sources */ = {isa = PBXBuildFile; fileRef = 37B2CFA61ACF1F0600214983 /* AppDelegate.swift */; };
		37B2CFA91ACF1F0600214983 /* ViewController.swift in Sources */ = {isa = PBXBuildFile; fileRef = 37B2CFA81ACF1F0600214983 /* ViewController.swift */; };
		37B2CFAC1ACF1F0600214983 /* Main.storyboard in Resources */ = {isa = PBXBuildFile; fileRef = 37B2CFAA1ACF1F0600214983 /* Main.storyboard */; };
		37B2CFAE1ACF1F0600214983 /* Images.xcassets in Resources */ = {isa = PBXBuildFile; fileRef = 37B2CFAD1ACF1F0600214983 /* Images.xcassets */; };
		37B2CFB11ACF1F0600214983 /* LaunchScreen.xib in Resources */ = {isa = PBXBuildFile; fileRef = 37B2CFAF1ACF1F0600214983 /* LaunchScreen.xib */; };
		37B2CFBD1ACF1F0600214983 /* HearMeNowTests.swift in Sources */ = {isa = PBXBuildFile; fileRef = 37B2CFBC1ACF1F0600214983 /* HearMeNowTests.swift */; };
/* End PBXBuildFile section */

/* Begin PBXContainerItemProxy section */
		37B2CFB71ACF1F0600214983 /* PBXContainerItemProxy */ = {
			isa = PBXContainerItemProxy;
			containerPortal = 37B2CF991ACF1F0600214983 /* Project object */;
			proxyType = 1;
			remoteGlobalIDString = 37B2CFA01ACF1F0600214983;
			remoteInfo = HearMeNow;
		};
/* End PBXContainerItemProxy section */

/* Begin PBXFileReference section */
		37B2CFA11ACF1F0600214983 /* HearMeNow.app */ = {isa = PBXFileReference; explicitFileType = wrapper.application; includeInIndex = 0; path = HearMeNow.app; sourceTree = BUILT_PRODUCTS_DIR; };
		37B2CFA51ACF1F0600214983 /* Info.plist */ = {isa = PBXFileReference; lastKnownFileType = text.plist.xml; path = Info.plist; sourceTree = "<group>"; };
		37B2CFA61ACF1F0600214983 /* AppDelegate.swift */ = {isa = PBXFileReference; lastKnownFileType = sourcecode.swift; path = AppDelegate.swift; sourceTree = "<group>"; };
		37B2CFA81ACF1F0600214983 /* ViewController.swift */ = {isa = PBXFileReference; lastKnownFileType = sourcecode.swift; path = ViewController.swift; sourceTree = "<group>"; };
		37B2CFAB1ACF1F0600214983 /* Base */ = {isa = PBXFileReference; lastKnownFileType = file.storyboard; name = Base; path = Base.lproj/Main.storyboard; sourceTree = "<group>"; };
		37B2CFAD1ACF1F0600214983 /* Images.xcassets */ = {isa = PBXFileReference; lastKnownFileType = folder.assetcatalog; path = Images.xcassets; sourceTree = "<group>"; };
		37B2CFB01ACF1F0600214983 /* Base */ = {isa = PBXFileReference; lastKnownFileType = file.xib; name = Base; path = Base.lproj/LaunchScreen.xib; sourceTree = "<group>"; };
		37B2CFB61ACF1F0600214983 /* HearMeNowTests.xctest */ = {isa = PBXFileReference; explicitFileType = wrapper.cfbundle; includeInIndex = 0; path = HearMeNowTests.xctest; sourceTree = BUILT_PRODUCTS_DIR; };
		37B2CFBB1ACF1F0600214983 /* Info.plist */ = {isa = PBXFileReference; lastKnownFileType = text.plist.xml; path = Info.plist; sourceTree = "<group>"; };
		37B2CFBC1ACF1F0600214983 /* HearMeNowTests.swift */ = {isa = PBXFileReference; lastKnownFileType = sourcecode.swift; path = HearMeNowTests.swift; sourceTree = "<group>"; };
/* End PBXFileReference section */

/* Begin PBXFrameworksBuildPhase section */
		37B2CF9E1ACF1F0600214983 /* Frameworks */ = {
			isa = PBXFrameworksBuildPhase;
			buildActionMask = 2147483647;
			files = (
			);
			runOnlyForDeploymentPostprocessing = 0;
		};
		37B2CFB31ACF1F0600214983 /* Frameworks */ = {
			isa = PBXFrameworksBuildPhase;
			buildActionMask = 2147483647;
			files = (
			);
			runOnlyForDeploymentPostprocessing = 0;
		};
/* End PBXFrameworksBuildPhase section */

/* Begin PBXGroup section */
		37B2CF981ACF1F0600214983 = {
			isa = PBXGroup;
			children = (
				37B2CFA31ACF1F0600214983 /* HearMeNow */,
				37B2CFB91ACF1F0600214983 /* HearMeNowTests */,
				37B2CFA21ACF1F0600214983 /* Products */,
			);
			sourceTree = "<group>";
		};
		37B2CFA21ACF1F0600214983 /* Products */ = {
			isa = PBXGroup;
			children = (
				37B2CFA11ACF1F0600214983 /* HearMeNow.app */,
				37B2CFB61ACF1F0600214983 /* HearMeNowTests.xctest */,
			);
			name = Products;
			sourceTree = "<group>";
		};
		37B2CFA31ACF1F0600214983 /* HearMeNow */ = {
			isa = PBXGroup;
			children = (
				37B2CFA61ACF1F0600214983 /* AppDelegate.swift */,
				37B2CFA81ACF1F0600214983 /* ViewController.swift */,
				37B2CFAA1ACF1F0600214983 /* Main.storyboard */,
				37B2CFAD1ACF1F0600214983 /* Images.xcassets */,
				37B2CFAF1ACF1F0600214983 /* LaunchScreen.xib */,
				37B2CFA41ACF1F0600214983 /* Supporting Files */,
			);
			path = HearMeNow;
			sourceTree = "<group>";
		};
		37B2CFA41ACF1F0600214983 /* Supporting Files */ = {
			isa = PBXGroup;
			children = (
				37B2CFA51ACF1F0600214983 /* Info.plist */,
			);
			name = "Supporting Files";
			sourceTree = "<group>";
		};
		37B2CFB91ACF1F0600214983 /* HearMeNowTests */ = {
			isa = PBXGroup;
			children = (
				37B2CFBC1ACF1F0600214983 /* HearMeNowTests.swift */,
				37B2CFBA1ACF1F0600214983 /* Supporting Files */,
			);
			path = HearMeNowTests;
			sourceTree = "<group>";
		};
		37B2CFBA1ACF1F0600214983 /* Supporting Files */ = {
			isa = PBXGroup;
			children = (
				37B2CFBB1ACF1F0600214983 /* Info.plist */,
			);
			name = "Supporting Files";
			sourceTree = "<group>";
		};
/* End PBXGroup section */

/* Begin PBXNativeTarget section */
		37B2CFA01ACF1F0600214983 /* HearMeNow */ = {
			isa = PBXNativeTarget;
			buildConfigurationList = 37B2CFC01ACF1F0600214983 /* Build configuration list for PBXNativeTarget "HearMeNow" */;
			buildPhases = (
				37B2CF9D1ACF1F0600214983 /* Sources */,
				37B2CF9E1ACF1F0600214983 /* Frameworks */,
				37B2CF9F1ACF1F0600214983 /* Resources */,
			);
			buildRules = (
			);
			dependencies = (
			);
			name = HearMeNow;
			productName = HearMeNow;
			productReference = 37B2CFA11ACF1F0600214983 /* HearMeNow.app */;
			productType = "com.apple.product-type.application";
		};
		37B2CFB51ACF1F0600214983 /* HearMeNowTests */ = {
			isa = PBXNativeTarget;
			buildConfigurationList = 37B2CFC31ACF1F0600214983 /* Build configuration list for PBXNativeTarget "HearMeNowTests" */;
			buildPhases = (
				37B2CFB21ACF1F0600214983 /* Sources */,
				37B2CFB31ACF1F0600214983 /* Frameworks */,
				37B2CFB41ACF1F0600214983 /* Resources */,
			);
			buildRules = (
			);
			dependencies = (
				37B2CFB81ACF1F0600214983 /* PBXTargetDependency */,
			);
			name = HearMeNowTests;
			productName = HearMeNowTests;
			productReference = 37B2CFB61ACF1F0600214983 /* HearMeNowTests.xctest */;
			productType = "com.apple.product-type.bundle.unit-test";
		};
/* End PBXNativeTarget section */

/* Begin PBXProject section */
		37B2CF991ACF1F0600214983 /* Project object */ = {
			isa = PBXProject;
			attributes = {
				LastUpgradeCheck = 0620;
				ORGANIZATIONNAME = SM;
				TargetAttributes = {
					37B2CFA01ACF1F0600214983 = {
						CreatedOnToolsVersion = 6.2;
					};
					37B2CFB51ACF1F0600214983 = {
						CreatedOnToolsVersion = 6.2;
						TestTargetID = 37B2CFA01ACF1F0600214983;
					};
				};
			};
			buildConfigurationList = 37B2CF9C1ACF1F0600214983 /* Build configuration list for PBXProject "HearMeNow" */;
			compatibilityVersion = "Xcode 3.2";
			developmentRegion = English;
			hasScannedForEncodings = 0;
			knownRegions = (
				en,
				Base,
			);
			mainGroup = 37B2CF981ACF1F0600214983;
			productRefGroup = 37B2CFA21ACF1F0600214983 /* Products */;
			projectDirPath = "";
			projectRoot = "";
			targets = (
				37B2CFA01ACF1F0600214983 /* HearMeNow */,
				37B2CFB51ACF1F0600214983 /* HearMeNowTests */,
			);
		};
/* End PBXProject section */

/* Begin PBXResourcesBuildPhase section */
		37B2CF9F1ACF1F0600214983 /* Resources */ = {
			isa = PBXResourcesBuildPhase;
			buildActionMask = 2147483647;
			files = (
				37B2CFAC1ACF1F0600214983 /* Main.storyboard in Resources */,
				37B2CFB11ACF1F0600214983 /* LaunchScreen.xib in Resources */,
				37B2CFAE1ACF1F0600214983 /* Images.xcassets in Resources */,
			);
			runOnlyForDeploymentPostprocessing = 0;
		};
		37B2CFB41ACF1F0600214983 /* Resources */ = {
			isa = PBXResourcesBuildPhase;
			buildActionMask = 2147483647;
			files = (
			);
			runOnlyForDeploymentPostprocessing = 0;
		};
/* End PBXResourcesBuildPhase section */

/* Begin PBXSourcesBuildPhase section */
		37B2CF9D1ACF1F0600214983 /* Sources */ = {
			isa = PBXSourcesBuildPhase;
			buildActionMask = 2147483647;
			files = (
				37B2CFA91ACF1F0600214983 /* ViewController.swift in Sources */,
				37B2CFA71ACF1F0600214983 /* AppDelegate.swift in Sources */,
			);
			runOnlyForDeploymentPostprocessing = 0;
		};
		37B2CFB21ACF1F0600214983 /* Sources */ = {
			isa = PBXSourcesBuildPhase;
			buildActionMask = 2147483647;
			files = (
				37B2CFBD1ACF1F0600214983 /* HearMeNowTests.swift in Sources */,
			);
			runOnlyForDeploymentPostprocessing = 0;
		};
/* End PBXSourcesBuildPhase section */

/* Begin PBXTargetDependency section */
		37B2CFB81ACF1F0600214983 /* PBXTargetDependency */ = {
			isa = PBXTargetDependency;
			target = 37B2CFA01ACF1F0600214983 /* HearMeNow */;
			targetProxy = 37B2CFB71ACF1F0600214983 /* PBXContainerItemProxy */;
		};
/* End PBXTargetDependency section */

/* Begin PBXVariantGroup section */
		37B2CFAA1ACF1F0600214983 /* Main.storyboard */ = {
			isa = PBXVariantGroup;
			children = (
				37B2CFAB1ACF1F0600214983 /* Base */,
			);
			name = Main.storyboard;
			sourceTree = "<group>";
		};
		37B2CFAF1ACF1F0600214983 /* LaunchScreen.xib */ = {
			isa = PBXVariantGroup;
			children = (
				37B2CFB01ACF1F0600214983 /* Base */,
			);
			name = LaunchScreen.xib;
			sourceTree = "<group>";
		};
/* End PBXVariantGroup section */

/* Begin XCBuildConfiguration section */
		37B2CFBE1ACF1F0600214983 /* Debug */ = {
			isa = XCBuildConfiguration;
			buildSettings = {
				ALWAYS_SEARCH_USER_PATHS = NO;
				CLANG_CXX_LANGUAGE_STANDARD = "gnu++0x";
				CLANG_CXX_LIBRARY = "libc++";
				CLANG_ENABLE_MODULES = YES;
				CLANG_ENABLE_OBJC_ARC = YES;
				CLANG_WARN_BOOL_CONVERSION = YES;
				CLANG_WARN_CONSTANT_CONVERSION = YES;
				CLANG_WARN_DIRECT_OBJC_ISA_USAGE = YES_ERROR;
				CLANG_WARN_EMPTY_BODY = YES;
				CLANG_WARN_ENUM_CONVERSION = YES;
				CLANG_WARN_INT_CONVERSION = YES;
				CLANG_WARN_OBJC_ROOT_CLASS = YES_ERROR;
				CLANG_WARN_UNREACHABLE_CODE = YES;
				CLANG_WARN__DUPLICATE_METHOD_MATCH = YES;
				"CODE_SIGN_IDENTITY[sdk=iphoneos*]" = "iPhone Developer";
				COPY_PHASE_STRIP = NO;
				ENABLE_STRICT_OBJC_MSGSEND = YES;
				GCC_C_LANGUAGE_STANDARD = gnu99;
				GCC_DYNAMIC_NO_PIC = NO;
				GCC_OPTIMIZATION_LEVEL = 0;
				GCC_PREPROCESSOR_DEFINITIONS = (
					"DEBUG=1",
					"$(inherited)",
				);
				GCC_SYMBOLS_PRIVATE_EXTERN = NO;
				GCC_WARN_64_TO_32_BIT_CONVERSION = YES;
				GCC_WARN_ABOUT_RETURN_TYPE = YES_ERROR;
				GCC_WARN_UNDECLARED_SELECTOR = YES;
				GCC_WARN_UNINITIALIZED_AUTOS = YES_AGGRESSIVE;
				GCC_WARN_UNUSED_FUNCTION = YES;
				GCC_WARN_UNUSED_VARIABLE = YES;
				IPHONEOS_DEPLOYMENT_TARGET = 8.2;
				MTL_ENABLE_DEBUG_INFO = YES;
				ONLY_ACTIVE_ARCH = YES;
				SDKROOT = iphoneos;
				SWIFT_OPTIMIZATION_LEVEL = "-Onone";
			};
			name = Debug;
		};
		37B2CFBF1ACF1F0600214983 /* Release */ = {
			isa = XCBuildConfiguration;
			buildSettings = {
				ALWAYS_SEARCH_USER_PATHS = NO;
				CLANG_CXX_LANGUAGE_STANDARD = "gnu++0x";
				CLANG_CXX_LIBRARY = "libc++";
				CLANG_ENABLE_MODULES = YES;
				CLANG_ENABLE_OBJC_ARC = YES;
				CLANG_WARN_BOOL_CONVERSION = YES;
				CLANG_WARN_CONSTANT_CONVERSION = YES;
				CLANG_WARN_DIRECT_OBJC_ISA_USAGE = YES_ERROR;
				CLANG_WARN_EMPTY_BODY = YES;
				CLANG_WARN_ENUM_CONVERSION = YES;
				CLANG_WARN_INT_CONVERSION = YES;
				CLANG_WARN_OBJC_ROOT_CLASS = YES_ERROR;
				CLANG_WARN_UNREACHABLE_CODE = YES;
				CLANG_WARN__DUPLICATE_METHOD_MATCH = YES;
				"CODE_SIGN_IDENTITY[sdk=iphoneos*]" = "iPhone Developer";
				COPY_PHASE_STRIP = NO;
				ENABLE_NS_ASSERTIONS = NO;
				ENABLE_STRICT_OBJC_MSGSEND = YES;
				GCC_C_LANGUAGE_STANDARD = gnu99;
				GCC_WARN_64_TO_32_BIT_CONVERSION = YES;
				GCC_WARN_ABOUT_RETURN_TYPE = YES_ERROR;
				GCC_WARN_UNDECLARED_SELECTOR = YES;
				GCC_WARN_UNINITIALIZED_AUTOS = YES_AGGRESSIVE;
				GCC_WARN_UNUSED_FUNCTION = YES;
				GCC_WARN_UNUSED_VARIABLE = YES;
				IPHONEOS_DEPLOYMENT_TARGET = 8.2;
				MTL_ENABLE_DEBUG_INFO = NO;
				SDKROOT = iphoneos;
				VALIDATE_PRODUCT = YES;
			};
			name = Release;
		};
		37B2CFC11ACF1F0600214983 /* Debug */ = {
			isa = XCBuildConfiguration;
			buildSettings = {
				ASSETCATALOG_COMPILER_APPICON_NAME = AppIcon;
				INFOPLIST_FILE = HearMeNow/Info.plist;
				LD_RUNPATH_SEARCH_PATHS = "$(inherited) @executable_path/Frameworks";
				PRODUCT_NAME = "$(TARGET_NAME)";
			};
			name = Debug;
		};
		37B2CFC21ACF1F0600214983 /* Release */ = {
			isa = XCBuildConfiguration;
			buildSettings = {
				ASSETCATALOG_COMPILER_APPICON_NAME = AppIcon;
				INFOPLIST_FILE = HearMeNow/Info.plist;
				LD_RUNPATH_SEARCH_PATHS = "$(inherited) @executable_path/Frameworks";
				PRODUCT_NAME = "$(TARGET_NAME)";
			};
			name = Release;
		};
		37B2CFC41ACF1F0600214983 /* Debug */ = {
			isa = XCBuildConfiguration;
			buildSettings = {
				BUNDLE_LOADER = "$(TEST_HOST)";
				FRAMEWORK_SEARCH_PATHS = (
					"$(SDKROOT)/Developer/Library/Frameworks",
					"$(inherited)",
				);
				GCC_PREPROCESSOR_DEFINITIONS = (
					"DEBUG=1",
					"$(inherited)",
				);
				INFOPLIST_FILE = HearMeNowTests/Info.plist;
				LD_RUNPATH_SEARCH_PATHS = "$(inherited) @executable_path/Frameworks @loader_path/Frameworks";
				PRODUCT_NAME = "$(TARGET_NAME)";
				TEST_HOST = "$(BUILT_PRODUCTS_DIR)/HearMeNow.app/HearMeNow";
			};
			name = Debug;
		};
		37B2CFC51ACF1F0600214983 /* Release */ = {
			isa = XCBuildConfiguration;
			buildSettings = {
				BUNDLE_LOADER = "$(TEST_HOST)";
				FRAMEWORK_SEARCH_PATHS = (
					"$(SDKROOT)/Developer/Library/Frameworks",
					"$(inherited)",
				);
				INFOPLIST_FILE = HearMeNowTests/Info.plist;
				LD_RUNPATH_SEARCH_PATHS = "$(inherited) @executable_path/Frameworks @loader_path/Frameworks";
				PRODUCT_NAME = "$(TARGET_NAME)";
				TEST_HOST = "$(BUILT_PRODUCTS_DIR)/HearMeNow.app/HearMeNow";
			};
			name = Release;
		};
/* End XCBuildConfiguration section */

/* Begin XCConfigurationList section */
		37B2CF9C1ACF1F0600214983 /* Build configuration list for PBXProject "HearMeNow" */ = {
			isa = XCConfigurationList;
			buildConfigurations = (
				37B2CFBE1ACF1F0600214983 /* Debug */,
				37B2CFBF1ACF1F0600214983 /* Release */,
			);
			defaultConfigurationIsVisible = 0;
			defaultConfigurationName = Release;
		};
		37B2CFC01ACF1F0600214983 /* Build configuration list for PBXNativeTarget "HearMeNow" */ = {
			isa = XCConfigurationList;
			buildConfigurations = (
				37B2CFC11ACF1F0600214983 /* Debug */,
				37B2CFC21ACF1F0600214983 /* Release */,
			);
			defaultConfigurationIsVisible = 0;
		};
		37B2CFC31ACF1F0600214983 /* Build configuration list for PBXNativeTarget "HearMeNowTests" */ = {
			isa = XCConfigurationList;
			buildConfigurations = (
				37B2CFC41ACF1F0600214983 /* Debug */,
				37B2CFC51ACF1F0600214983 /* Release */,
			);
			defaultConfigurationIsVisible = 0;
		};
/* End XCConfigurationList section */
	};
	rootObject = 37B2CF991ACF1F0600214983 /* Project object */;
}
